# This file is automatically @generated by Cargo.
# It is not intended for manual editing.
version = 4

[[package]]
name = "lc_1"
version = "0.1.0"

[[package]]
name = "lc_11"
version = "0.1.0"

[[package]]
name = "lc_17"
version = "0.1.0"

[[package]]
name = "lc_1897"
version = "0.1.0"

[[package]]
name = "lc_2"
version = "0.1.0"

[[package]]
name = "lc_3"
version = "0.1.0"

[[package]]
name = "lc_4"
version = "0.1.0"

[[package]]
name = "lc_5"
version = "0.1.0"

[[package]]
name = "lc_9"
version = "0.1.0"
